
Microsoft Visual Studio Solution File, Format Version 12.00
# Visual Studio Version 16
VisualStudioVersion = 16.0.32510.428
MinimumVisualStudioVersion = 10.0.40219.1
Project("{FAE04EC0-301F-11D3-BF4B-00C04F79EFBC}") = "E_Automotriz_1", "E_Automotriz_1\E_Automotriz_1.csproj", "{4FABFB2D-BDAC-4088-BDBC-076C6F6C4014}"
EndProject
Global
	GlobalSection(SolutionConfigurationPlatforms) = preSolution
		Debug|Any CPU = Debug|Any CPU
		Release|Any CPU = Release|Any CPU
	EndGlobalSection
	GlobalSection(ProjectConfigurationPlatforms) = postSolution
		{4FABFB2D-BDAC-4088-BDBC-076C6F6C4014}.Debug|Any CPU.ActiveCfg = Debug|Any CPU
		{4FABFB2D-BDAC-4088-BDBC-076C6F6C4014}.Debug|Any CPU.Build.0 = Debug|Any CPU
		{4FABFB2D-BDAC-4088-BDBC-076C6F6C4014}.Release|Any CPU.ActiveCfg = Release|Any CPU
		{4FABFB2D-BDAC-4088-BDBC-076C6F6C4014}.Release|Any CPU.Build.0 = Release|Any CPU
	EndGlobalSection
	GlobalSection(SolutionProperties) = preSolution
		HideSolutionNode = FALSE
	EndGlobalSection
	GlobalSection(ExtensibilityGlobals) = postSolution
		SolutionGuid = {9E844A40-BCB9-43C1-A96D-C310A46865AA}
	EndGlobalSection
EndGlobal
